github.com/STRockefeller/go-linq v0.1.5 h1:87mU9FA/MQeMPBMSb65SonoME6Cr4tw4SZ4mGi3qbcg=
github.com/STRockefeller/go-linq v0.1.5/go.mod h1:b7dK6/s9Z9V7s9MfNl4nfYgsfP9xtEglWYHKRiMuZkY=
github.com/STRockefeller/go-linq v1.0.0 h1:q5inMC05O5B6lhQt5HQLhyN3t4wFvz+wDjO9mE1h6jU=
github.com/STRockefeller/go-linq v1.0.0/go.mod h1:b7dK6/s9Z9V7s9MfNl4nfYgsfP9xtEglWYHKRiMuZkY=
github.com/davecgh/go-spew v1.1.0 h1:ZDRjVQ15GmhC3fiQ8ni8+OwkZQO4DARzQgrnXU1Liz8=
github.com/jinzhu/inflection v1.0.0 h1:K317FqzuhWc8YvSVlFMCCUb36O/S9MCKRDI7QkRKD/E=
github.com/jinzhu/inflection v1.0.0/go.mod h1:h+uFLlag+Qp1Va5pdKtLDYj+kHp5pxUVkryuEj+Srlc=
github.com/jinzhu/now v1.1.4 h1:tHnRBy1i5F2Dh8BAFxqFzxKqqvezXrL2OW1TnX+Mlas=
github.com/jinzhu/now v1.1.4/go.mod h1:d3SSVoowX0Lcu0IBviAWJpolVfI5UJVZZ7cO71lE/z8=
github.com/pmezard/go-difflib v1.0.0 h1:4DBwDE0NGyQoBHbLQYPwSUPoCMWR5BEzIk/f1lZbAQM=
github.com/stretchr/testify v1.7.1 h1:5TQK59W5E3v0r2duFAb7P95B6hEeOyEnHRa8MjYSMTY=
gopkg.in/yaml.v3 v3.0.0-20200313102051-9f266ea9e77c h1:dUUwHk2QECo/6vqA44rthZ8ie2QXMNeKRTHCNY2nXvo=
gorm.io/gorm v1.24.0 h1:j/CoiSm6xpRpmzbFJsQHYj+I8bGYWLXVHeYEyyKlF74=
gorm.io/gorm v1.24.0/go.mod h1:DVrVomtaYTbqs7gB/x2uVvqnXzv0nqjB396B8cG4dBA=
